
Microsoft Visual Studio Solution File, Format Version 12.00
# Visual Studio Version 17
VisualStudioVersion = 17.5.33530.505
MinimumVisualStudioVersion = 10.0.40219.1
Project("{9A19103F-16F7-4668-BE54-9A1E7A4F7556}") = "SortingAlgorithmContainer", "SortingAlgorithmContainer.csproj", "{48E8949B-EA82-455B-AC6C-A42C76CAF877}"
EndProject
Project("{FAE04EC0-301F-11D3-BF4B-00C04F79EFBC}") = "BLL", "..\BLL\BLL.csproj", "{3A4DDF58-0F2B-49F9-AEAB-3D268071629F}"
EndProject
Project("{FAE04EC0-301F-11D3-BF4B-00C04F79EFBC}") = "Models", "..\Models\Models.csproj", "{1E717DC3-8FB8-4F08-A263-5C8F49C40A9E}"
EndProject
Global
	GlobalSection(SolutionConfigurationPlatforms) = preSolution
		Debug|Any CPU = Debug|Any CPU
		Release|Any CPU = Release|Any CPU
	EndGlobalSection
	GlobalSection(ProjectConfigurationPlatforms) = postSolution
		{48E8949B-EA82-455B-AC6C-A42C76CAF877}.Debug|Any CPU.ActiveCfg = Debug|Any CPU
		{48E8949B-EA82-455B-AC6C-A42C76CAF877}.Debug|Any CPU.Build.0 = Debug|Any CPU
		{48E8949B-EA82-455B-AC6C-A42C76CAF877}.Release|Any CPU.ActiveCfg = Release|Any CPU
		{48E8949B-EA82-455B-AC6C-A42C76CAF877}.Release|Any CPU.Build.0 = Release|Any CPU
		{3A4DDF58-0F2B-49F9-AEAB-3D268071629F}.Debug|Any CPU.ActiveCfg = Debug|Any CPU
		{3A4DDF58-0F2B-49F9-AEAB-3D268071629F}.Debug|Any CPU.Build.0 = Debug|Any CPU
		{3A4DDF58-0F2B-49F9-AEAB-3D268071629F}.Release|Any CPU.ActiveCfg = Release|Any CPU
		{3A4DDF58-0F2B-49F9-AEAB-3D268071629F}.Release|Any CPU.Build.0 = Release|Any CPU
		{1E717DC3-8FB8-4F08-A263-5C8F49C40A9E}.Debug|Any CPU.ActiveCfg = Debug|Any CPU
		{1E717DC3-8FB8-4F08-A263-5C8F49C40A9E}.Debug|Any CPU.Build.0 = Debug|Any CPU
		{1E717DC3-8FB8-4F08-A263-5C8F49C40A9E}.Release|Any CPU.ActiveCfg = Release|Any CPU
		{1E717DC3-8FB8-4F08-A263-5C8F49C40A9E}.Release|Any CPU.Build.0 = Release|Any CPU
	EndGlobalSection
	GlobalSection(SolutionProperties) = preSolution
		HideSolutionNode = FALSE
	EndGlobalSection
	GlobalSection(ExtensibilityGlobals) = postSolution
		SolutionGuid = {4E063DF6-2E15-4311-A75D-EBA2FD17C2B8}
	EndGlobalSection
EndGlobal
